
Microsoft Visual Studio Solution File, Format Version 12.00
# Visual Studio Version 17
VisualStudioVersion = 17.10.34928.147
MinimumVisualStudioVersion = 10.0.40219.1
Project("{FAE04EC0-301F-11D3-BF4B-00C04F79EFBC}") = "Employee management system", "Employee management system\Employee management system.csproj", "{D886A6D0-FED9-4E4B-92BC-344CEF561594}"
EndProject
Global
	GlobalSection(SolutionConfigurationPlatforms) = preSolution
		Debug|Any CPU = Debug|Any CPU
		Release|Any CPU = Release|Any CPU
	EndGlobalSection
	GlobalSection(ProjectConfigurationPlatforms) = postSolution
		{D886A6D0-FED9-4E4B-92BC-344CEF561594}.Debug|Any CPU.ActiveCfg = Debug|Any CPU
		{D886A6D0-FED9-4E4B-92BC-344CEF561594}.Debug|Any CPU.Build.0 = Debug|Any CPU
		{D886A6D0-FED9-4E4B-92BC-344CEF561594}.Release|Any CPU.ActiveCfg = Release|Any CPU
		{D886A6D0-FED9-4E4B-92BC-344CEF561594}.Release|Any CPU.Build.0 = Release|Any CPU
	EndGlobalSection
	GlobalSection(SolutionProperties) = preSolution
		HideSolutionNode = FALSE
	EndGlobalSection
	GlobalSection(ExtensibilityGlobals) = postSolution
		SolutionGuid = {D627AD89-EFB3-4DAB-8DFE-64D1CBADE825}
	EndGlobalSection
EndGlobal
